
Microsoft Visual Studio Solution File, Format Version 12.00
# Visual Studio Version 17
VisualStudioVersion = 17.13.35919.96 d17.13
MinimumVisualStudioVersion = 10.0.40219.1
Project("{FAE04EC0-301F-11D3-BF4B-00C04F79EFBC}") = "Intima Store", "Intima Store\Intima Store.csproj", "{E4242B73-43A9-40BC-81A0-F3940E3FB860}"
EndProject
Global
	GlobalSection(SolutionConfigurationPlatforms) = preSolution
		Debug|Any CPU = Debug|Any CPU
		Release|Any CPU = Release|Any CPU
	EndGlobalSection
	GlobalSection(ProjectConfigurationPlatforms) = postSolution
		{E4242B73-43A9-40BC-81A0-F3940E3FB860}.Debug|Any CPU.ActiveCfg = Debug|Any CPU
		{E4242B73-43A9-40BC-81A0-F3940E3FB860}.Debug|Any CPU.Build.0 = Debug|Any CPU
		{E4242B73-43A9-40BC-81A0-F3940E3FB860}.Release|Any CPU.ActiveCfg = Release|Any CPU
		{E4242B73-43A9-40BC-81A0-F3940E3FB860}.Release|Any CPU.Build.0 = Release|Any CPU
	EndGlobalSection
	GlobalSection(SolutionProperties) = preSolution
		HideSolutionNode = FALSE
	EndGlobalSection
	GlobalSection(ExtensibilityGlobals) = postSolution
		SolutionGuid = {98AD86C6-0D4B-4FC3-B07F-6898D7599553}
	EndGlobalSection
EndGlobal
